
Microsoft Visual Studio Solution File, Format Version 12.00
# Visual Studio Version 16
VisualStudioVersion = 16.0.30114.105
MinimumVisualStudioVersion = 10.0.40219.1
Project("{FAE04EC0-301F-11D3-BF4B-00C04F79EFBC}") = "WebSPA", "Web\WebSPA.csproj", "{26DA99FC-6E62-489F-B3B3-B16ABDBD199A}"
EndProject
Project("{2150E333-8FDC-42A3-9474-1A3956D46DE8}") = "Services", "Services", "{D4B2A8A2-8CE5-4F04-982C-4059BB2ED1DA}"
EndProject
Project("{2150E333-8FDC-42A3-9474-1A3956D46DE8}") = "Adapter", "Adapter", "{D0A68A69-2B92-4497-BE4E-5499D111E5FB}"
EndProject
Project("{FAE04EC0-301F-11D3-BF4B-00C04F79EFBC}") = "Adapter.API", "Services\Adapter\Adapter.API\Adapter.API.csproj", "{A62F544F-7FBD-4471-A648-1CDA0C1B9BDE}"
EndProject
Project("{FAE04EC0-301F-11D3-BF4B-00C04F79EFBC}") = "WebStatus", "WebStatus\WebStatus.csproj", "{F1F6BAA5-AC48-44A3-AE43-C150F36EB75F}"
EndProject
Project("{2150E333-8FDC-42A3-9474-1A3956D46DE8}") = "ApiGateways", "ApiGateways", "{782B1982-8E2B-4F3C-83C2-80F613B88105}"
EndProject
Project("{FAE04EC0-301F-11D3-BF4B-00C04F79EFBC}") = "Gateway.BaseApi", "ApiGateways\Gateway.BaseApi\Gateway.BaseApi.csproj", "{375D1814-B550-447B-B5E1-80D670AE5AD1}"
EndProject
Project("{2150E333-8FDC-42A3-9474-1A3956D46DE8}") = "Catalog", "Catalog", "{F6570A9E-1F13-40AE-A410-A949322087E9}"
EndProject
Project("{FAE04EC0-301F-11D3-BF4B-00C04F79EFBC}") = "Catalog.API", "Services\Catalog\Catalog.API\Catalog.API.csproj", "{CAA5B66C-3366-4D81-9AC8-7E330278D8BF}"
EndProject
Global
	GlobalSection(SolutionConfigurationPlatforms) = preSolution
		Debug|Any CPU = Debug|Any CPU
		Release|Any CPU = Release|Any CPU
	EndGlobalSection
	GlobalSection(SolutionProperties) = preSolution
		HideSolutionNode = FALSE
	EndGlobalSection
	GlobalSection(ProjectConfigurationPlatforms) = postSolution
		{26DA99FC-6E62-489F-B3B3-B16ABDBD199A}.Debug|Any CPU.ActiveCfg = Debug|Any CPU
		{26DA99FC-6E62-489F-B3B3-B16ABDBD199A}.Debug|Any CPU.Build.0 = Debug|Any CPU
		{26DA99FC-6E62-489F-B3B3-B16ABDBD199A}.Release|Any CPU.ActiveCfg = Release|Any CPU
		{26DA99FC-6E62-489F-B3B3-B16ABDBD199A}.Release|Any CPU.Build.0 = Release|Any CPU
		{A62F544F-7FBD-4471-A648-1CDA0C1B9BDE}.Debug|Any CPU.ActiveCfg = Debug|Any CPU
		{A62F544F-7FBD-4471-A648-1CDA0C1B9BDE}.Debug|Any CPU.Build.0 = Debug|Any CPU
		{A62F544F-7FBD-4471-A648-1CDA0C1B9BDE}.Release|Any CPU.ActiveCfg = Release|Any CPU
		{A62F544F-7FBD-4471-A648-1CDA0C1B9BDE}.Release|Any CPU.Build.0 = Release|Any CPU
		{F1F6BAA5-AC48-44A3-AE43-C150F36EB75F}.Debug|Any CPU.ActiveCfg = Debug|Any CPU
		{F1F6BAA5-AC48-44A3-AE43-C150F36EB75F}.Debug|Any CPU.Build.0 = Debug|Any CPU
		{F1F6BAA5-AC48-44A3-AE43-C150F36EB75F}.Release|Any CPU.ActiveCfg = Release|Any CPU
		{F1F6BAA5-AC48-44A3-AE43-C150F36EB75F}.Release|Any CPU.Build.0 = Release|Any CPU
		{375D1814-B550-447B-B5E1-80D670AE5AD1}.Debug|Any CPU.ActiveCfg = Debug|Any CPU
		{375D1814-B550-447B-B5E1-80D670AE5AD1}.Debug|Any CPU.Build.0 = Debug|Any CPU
		{375D1814-B550-447B-B5E1-80D670AE5AD1}.Release|Any CPU.ActiveCfg = Release|Any CPU
		{375D1814-B550-447B-B5E1-80D670AE5AD1}.Release|Any CPU.Build.0 = Release|Any CPU
		{CAA5B66C-3366-4D81-9AC8-7E330278D8BF}.Debug|Any CPU.ActiveCfg = Debug|Any CPU
		{CAA5B66C-3366-4D81-9AC8-7E330278D8BF}.Debug|Any CPU.Build.0 = Debug|Any CPU
		{CAA5B66C-3366-4D81-9AC8-7E330278D8BF}.Release|Any CPU.ActiveCfg = Release|Any CPU
		{CAA5B66C-3366-4D81-9AC8-7E330278D8BF}.Release|Any CPU.Build.0 = Release|Any CPU
	EndGlobalSection
	GlobalSection(NestedProjects) = preSolution
		{D0A68A69-2B92-4497-BE4E-5499D111E5FB} = {D4B2A8A2-8CE5-4F04-982C-4059BB2ED1DA}
		{A62F544F-7FBD-4471-A648-1CDA0C1B9BDE} = {D0A68A69-2B92-4497-BE4E-5499D111E5FB}
		{375D1814-B550-447B-B5E1-80D670AE5AD1} = {782B1982-8E2B-4F3C-83C2-80F613B88105}
		{F6570A9E-1F13-40AE-A410-A949322087E9} = {D4B2A8A2-8CE5-4F04-982C-4059BB2ED1DA}
		{CAA5B66C-3366-4D81-9AC8-7E330278D8BF} = {F6570A9E-1F13-40AE-A410-A949322087E9}
	EndGlobalSection
EndGlobal
